# This file is automatically @generated by Poetry 1.4.1 and should not be changed by hand.

[[package]]
name = "style"
version = "1.1.0"
description = "🌈 Terminal string styling"
category = "main"
optional = false
python-versions = "*"
files = [
    {file = "style-1.1.0-py2.py3-none-any.whl", hash = "sha256:6485a4bcb84629341a5fd1587fe3ac4887daa4741f0c8a1d01b9c3c8a263afe7"},
    {file = "style-1.1.0.tar.gz", hash = "sha256:8eb365fc15039b19b728bd4e6e85fb7daf24e7aeeec6a15a666f97484c564005"},
]

[[package]]
name = "update"
version = "0.0.1"
description = ""
category = "main"
optional = false
python-versions = "*"
files = [
    {file = "update-0.0.1-py2.py3-none-any.whl", hash = "sha256:a25522b4bf60e3e3c1a3ff3ca3a4f5a328ac4b8ff400fdc9614483147e313323"},
]

[package.dependencies]
style = "1.1.0"

[[package]]
name = "youtube-dl"
version = "2021.12.17"
description = "YouTube video downloader"
category = "main"
optional = false
python-versions = "*"
files = [
    {file = "youtube_dl-2021.12.17-py2.py3-none-any.whl", hash = "sha256:f1336d5de68647e0364a47b3c0712578e59ec76f02048ff5c50ef1c69d79cd55"},
    {file = "youtube_dl-2021.12.17.tar.gz", hash = "sha256:bc59e86c5d15d887ac590454511f08ce2c47698d5a82c27bfe27b5d814bbaed2"},
]

[metadata]
lock-version = "2.0"
python-versions = "^3.10"
content-hash = "e1d0539a40b16418b9aa5ece5acc8ce2ed49fcccd5782d80c5b760c29dbd705b"
